<?xml version="1.0" encoding="utf-8"?>
<Project ToolsVersion="4.0" xmlns="http://schemas.microsoft.com/developer/msbuild/2003">
  <ItemGroup>
    <Filter Include="Source Files">
      <UniqueIdentifier>{4FC737F1-C7A5-4376-A066-2A32D752A2FF}</UniqueIdentifier>
      <Extensions>cpp;c;cc;cxx;def;odl;idl;hpj;bat;asm;asmx</Extensions>
    </Filter>
    <Filter Include="Header Files">
      <UniqueIdentifier>{93995380-89BD-4b04-88EB-625FBE52EBFB}</UniqueIdentifier>
      <Extensions>h;hh;hpp;hxx;hm;inl;inc;xsd</Extensions>
    </Filter>
    <Filter Include="Resource Files">
      <UniqueIdentifier>{67DA6AB6-F800-4c08-8B7A-83BB121AAD01}</UniqueIdentifier>
      <Extensions>rc;ico;cur;bmp;dlg;rc2;rct;bin;rgs;gif;jpg;jpeg;jpe;resx;tiff;tif;png;wav;mfcribbon-ms</Extensions>
    </Filter>
    <Filter Include="Header Files\snesgen">
      <UniqueIdentifier>{f9dc27c8-da6c-4d51-ab72-d6082c691e3d}</UniqueIdentifier>
    </Filter>
    <Filter Include="Header Files\generated">
      <UniqueIdentifier>{387ce210-456f-4bdc-b404-c3ea0f59a1ac}</UniqueIdentifier>
    </Filter>
    <Filter Include="Source Files\generated">
      <UniqueIdentifier>{32ef2d24-d17e-4452-af14-30c55112c0af}</UniqueIdentifier>
    </Filter>
  </ItemGroup>
  <ItemGroup>
    <ClInclude Include="snes.h">
      <Filter>Header Files</Filter>
    </ClInclude>
    <ClInclude Include="App.h">
      <Filter>Header Files</Filter>
    </ClInclude>
    <ClInclude Include="AppData.h">
      <Filter>Header Files</Filter>
    </ClInclude>
    <ClInclude Include="Config.h">
      <Filter>Header Files</Filter>
    </ClInclude>
    <ClInclude Include="DeviceContext.h">
      <Filter>Header Files</Filter>
    </ClInclude>
    <ClInclude Include="GUI.h">
      <Filter>Header Files</Filter>
    </ClInclude>
    <ClInclude Include="nuklear.h">
      <Filter>Header Files</Filter>
    </ClInclude>
    <ClInclude Include="Renderer.h">
      <Filter>Header Files</Filter>
    </ClInclude>
    <ClInclude Include="stb_image.h">
      <Filter>Header Files</Filter>
    </ClInclude>
    <ClInclude Include="FrameProfiler.h">
      <Filter>Header Files</Filter>
    </ClInclude>
    <ClInclude Include="DB.h">
      <Filter>Header Files</Filter>
    </ClInclude>
    <ClInclude Include="DBAssets.h">
      <Filter>Header Files\generated</Filter>
    </ClInclude>
    <ClInclude Include="EncodedAssets.h">
      <Filter>Header Files\snesgen</Filter>
    </ClInclude>
  </ItemGroup>
  <ItemGroup>
    <ClCompile Include="snes.c">
      <Filter>Source Files</Filter>
    </ClCompile>
    <ClCompile Include="App.c">
      <Filter>Source Files</Filter>
    </ClCompile>
    <ClCompile Include="DeviceContext.c">
      <Filter>Source Files</Filter>
    </ClCompile>
    <ClCompile Include="GUI.c">
      <Filter>Source Files</Filter>
    </ClCompile>
    <ClCompile Include="NuklearDemo.c">
      <Filter>Source Files</Filter>
    </ClCompile>
    <ClCompile Include="Renderer.c">
      <Filter>Source Files</Filter>
    </ClCompile>
    <ClCompile Include="DB.c">
      <Filter>Source Files</Filter>
    </ClCompile>
    <ClCompile Include="DBAssets.c">
      <Filter>Source Files\generated</Filter>
    </ClCompile>
  </ItemGroup>
  <ItemGroup>
    <None Include="Assets.dbh">
      <Filter>Header Files\snesgen</Filter>
    </None>
  </ItemGroup>
</Project>