<?xml version="1.0" encoding="utf-8"?>
<Project ToolsVersion="4.0" xmlns="http://schemas.microsoft.com/developer/msbuild/2003">
  <ItemGroup>
    <Filter Include="Source Files">
      <UniqueIdentifier>{4FC737F1-C7A5-4376-A066-2A32D752A2FF}</UniqueIdentifier>
      <Extensions>cpp;c;cc;cxx;def;odl;idl;hpj;bat;asm;asmx</Extensions>
    </Filter>
    <Filter Include="Header Files">
      <UniqueIdentifier>{93995380-89BD-4b04-88EB-625FBE52EBFB}</UniqueIdentifier>
      <Extensions>h;hh;hpp;hxx;hm;inl;inc;xsd</Extensions>
    </Filter>
    <Filter Include="Resource Files">
      <UniqueIdentifier>{67DA6AB6-F800-4c08-8B7A-83BB121AAD01}</UniqueIdentifier>
      <Extensions>rc;ico;cur;bmp;dlg;rc2;rct;bin;rgs;gif;jpg;jpeg;jpe;resx;tiff;tif;png;wav;mfcribbon-ms</Extensions>
    </Filter>
    <Filter Include="Header Files\core">
      <UniqueIdentifier>{aa3a44fc-093b-4631-88f7-ea5997804f8f}</UniqueIdentifier>
    </Filter>
    <Filter Include="Header Files\game">
      <UniqueIdentifier>{eb55139c-5f88-4293-9dff-e61fb6bac622}</UniqueIdentifier>
    </Filter>
    <Filter Include="Source Files\core">
      <UniqueIdentifier>{e55d1500-8111-48bb-9d91-4abd5b547128}</UniqueIdentifier>
    </Filter>
    <Filter Include="Source Files\game">
      <UniqueIdentifier>{c5708df9-0e36-4ba8-80b8-8a97f6d28772}</UniqueIdentifier>
    </Filter>
  </ItemGroup>
  <ItemGroup>
    <ClCompile Include="Renderer.c">
      <Filter>Source Files\core</Filter>
    </ClCompile>
    <ClCompile Include="DeviceContext.c">
      <Filter>Source Files\core</Filter>
    </ClCompile>
    <ClCompile Include="App.c">
      <Filter>Source Files\core</Filter>
    </ClCompile>
    <ClCompile Include="main.c">
      <Filter>Source Files</Filter>
    </ClCompile>
  </ItemGroup>
  <ItemGroup>
    <ClInclude Include="Renderer.h">
      <Filter>Header Files\core</Filter>
    </ClInclude>
    <ClInclude Include="App.h">
      <Filter>Header Files\core</Filter>
    </ClInclude>
    <ClInclude Include="DeviceContext.h">
      <Filter>Header Files\core</Filter>
    </ClInclude>
    <ClInclude Include="Config.h">
      <Filter>Header Files\core</Filter>
    </ClInclude>
  </ItemGroup>
</Project>